
Microsoft Visual Studio Solution File, Format Version 12.00
# Visual Studio Version 17
VisualStudioVersion = 17.13.35931.197 d17.13
MinimumVisualStudioVersion = 10.0.40219.1
Project("{FAE04EC0-301F-11D3-BF4B-00C04F79EFBC}") = "test_F", "test_F.csproj", "{06E8BF53-233E-4025-84CE-93137AEBFC69}"
EndProject
Global
	GlobalSection(SolutionConfigurationPlatforms) = preSolution
		Debug|Any CPU = Debug|Any CPU
		Release|Any CPU = Release|Any CPU
	EndGlobalSection
	GlobalSection(ProjectConfigurationPlatforms) = postSolution
		{06E8BF53-233E-4025-84CE-93137AEBFC69}.Debug|Any CPU.ActiveCfg = Debug|Any CPU
		{06E8BF53-233E-4025-84CE-93137AEBFC69}.Debug|Any CPU.Build.0 = Debug|Any CPU
		{06E8BF53-233E-4025-84CE-93137AEBFC69}.Release|Any CPU.ActiveCfg = Release|Any CPU
		{06E8BF53-233E-4025-84CE-93137AEBFC69}.Release|Any CPU.Build.0 = Release|Any CPU
	EndGlobalSection
	GlobalSection(SolutionProperties) = preSolution
		HideSolutionNode = FALSE
	EndGlobalSection
	GlobalSection(ExtensibilityGlobals) = postSolution
		SolutionGuid = {868FBFE5-F7C3-4DF6-9417-3FEFF9B45ABE}
	EndGlobalSection
EndGlobal
